
Microsoft Visual Studio Solution File, Format Version 12.00
# Visual Studio Version 17
VisualStudioVersion = 17.4.33213.308
MinimumVisualStudioVersion = 10.0.40219.1
Project("{FAE04EC0-301F-11D3-BF4B-00C04F79EFBC}") = "TestRPS", "RPS_Game\TestRPS.csproj", "{4AC7130B-958E-4ABF-88CA-0DEB8EE13B4A}"
EndProject
Project("{FAE04EC0-301F-11D3-BF4B-00C04F79EFBC}") = "RPS", "RPS\RPS.csproj", "{FED07CEE-DD11-4128-8A7A-4A0DFB46246B}"
EndProject
Project("{FAE04EC0-301F-11D3-BF4B-00C04F79EFBC}") = "RPSTest", "RPSTest\RPSTest.csproj", "{B8750F5D-17A0-436F-B35E-F50CECA017A4}"
EndProject
Global
	GlobalSection(SolutionConfigurationPlatforms) = preSolution
		Debug|Any CPU = Debug|Any CPU
		Release|Any CPU = Release|Any CPU
	EndGlobalSection
	GlobalSection(ProjectConfigurationPlatforms) = postSolution
		{4AC7130B-958E-4ABF-88CA-0DEB8EE13B4A}.Debug|Any CPU.ActiveCfg = Debug|Any CPU
		{4AC7130B-958E-4ABF-88CA-0DEB8EE13B4A}.Debug|Any CPU.Build.0 = Debug|Any CPU
		{4AC7130B-958E-4ABF-88CA-0DEB8EE13B4A}.Release|Any CPU.ActiveCfg = Release|Any CPU
		{4AC7130B-958E-4ABF-88CA-0DEB8EE13B4A}.Release|Any CPU.Build.0 = Release|Any CPU
		{FED07CEE-DD11-4128-8A7A-4A0DFB46246B}.Debug|Any CPU.ActiveCfg = Debug|Any CPU
		{FED07CEE-DD11-4128-8A7A-4A0DFB46246B}.Debug|Any CPU.Build.0 = Debug|Any CPU
		{FED07CEE-DD11-4128-8A7A-4A0DFB46246B}.Release|Any CPU.ActiveCfg = Release|Any CPU
		{FED07CEE-DD11-4128-8A7A-4A0DFB46246B}.Release|Any CPU.Build.0 = Release|Any CPU
		{B8750F5D-17A0-436F-B35E-F50CECA017A4}.Debug|Any CPU.ActiveCfg = Debug|Any CPU
		{B8750F5D-17A0-436F-B35E-F50CECA017A4}.Debug|Any CPU.Build.0 = Debug|Any CPU
		{B8750F5D-17A0-436F-B35E-F50CECA017A4}.Release|Any CPU.ActiveCfg = Release|Any CPU
		{B8750F5D-17A0-436F-B35E-F50CECA017A4}.Release|Any CPU.Build.0 = Release|Any CPU
	EndGlobalSection
	GlobalSection(SolutionProperties) = preSolution
		HideSolutionNode = FALSE
	EndGlobalSection
	GlobalSection(ExtensibilityGlobals) = postSolution
		SolutionGuid = {7F22CB21-9C44-4EA3-961C-74FC5936E740}
	EndGlobalSection
EndGlobal
